
Microsoft Visual Studio Solution File, Format Version 12.00
# Visual Studio Version 17
VisualStudioVersion = 17.12.35527.113 d17.12
MinimumVisualStudioVersion = 10.0.40219.1
Project("{FAE04EC0-301F-11D3-BF4B-00C04F79EFBC}") = "ProductclientHub.api", "ProductclientHub.api.csproj", "{DDBC6FD6-2B01-423F-9A43-48DBD995B1D6}"
EndProject
Project("{FAE04EC0-301F-11D3-BF4B-00C04F79EFBC}") = "Productclienthub.comunications", "..\Productclienthub.comunications\Productclienthub.comunications.csproj", "{05AE7EFE-6819-4A9E-8624-F635D2F8F9BC}"
EndProject
Project("{FAE04EC0-301F-11D3-BF4B-00C04F79EFBC}") = "ProductclientHub.exeptions", "..\ProductclientHub.exeptions\ProductclientHub.exeptions.csproj", "{0570E228-D628-45EC-ADD4-564ADEE11909}"
EndProject
Global
	GlobalSection(SolutionConfigurationPlatforms) = preSolution
		Debug|Any CPU = Debug|Any CPU
		Release|Any CPU = Release|Any CPU
	EndGlobalSection
	GlobalSection(ProjectConfigurationPlatforms) = postSolution
		{DDBC6FD6-2B01-423F-9A43-48DBD995B1D6}.Debug|Any CPU.ActiveCfg = Debug|Any CPU
		{DDBC6FD6-2B01-423F-9A43-48DBD995B1D6}.Debug|Any CPU.Build.0 = Debug|Any CPU
		{DDBC6FD6-2B01-423F-9A43-48DBD995B1D6}.Release|Any CPU.ActiveCfg = Release|Any CPU
		{DDBC6FD6-2B01-423F-9A43-48DBD995B1D6}.Release|Any CPU.Build.0 = Release|Any CPU
		{05AE7EFE-6819-4A9E-8624-F635D2F8F9BC}.Debug|Any CPU.ActiveCfg = Debug|Any CPU
		{05AE7EFE-6819-4A9E-8624-F635D2F8F9BC}.Debug|Any CPU.Build.0 = Debug|Any CPU
		{05AE7EFE-6819-4A9E-8624-F635D2F8F9BC}.Release|Any CPU.ActiveCfg = Release|Any CPU
		{05AE7EFE-6819-4A9E-8624-F635D2F8F9BC}.Release|Any CPU.Build.0 = Release|Any CPU
		{0570E228-D628-45EC-ADD4-564ADEE11909}.Debug|Any CPU.ActiveCfg = Debug|Any CPU
		{0570E228-D628-45EC-ADD4-564ADEE11909}.Debug|Any CPU.Build.0 = Debug|Any CPU
		{0570E228-D628-45EC-ADD4-564ADEE11909}.Release|Any CPU.ActiveCfg = Release|Any CPU
		{0570E228-D628-45EC-ADD4-564ADEE11909}.Release|Any CPU.Build.0 = Release|Any CPU
	EndGlobalSection
	GlobalSection(SolutionProperties) = preSolution
		HideSolutionNode = FALSE
	EndGlobalSection
EndGlobal
